lockfileVersion: '9.0'

settings:
  autoInstallPeers: true
  excludeLinksFromLockfile: false

importers:

  .:
    dependencies:
      '@datastructures-js/priority-queue':
        specifier: ^6.3.4
        version: 6.3.4
      '@ironblood/node-test-reporter':
        specifier: 0.1.0
        version: 0.1.0
    devDependencies:
      '@ironblood/leetcode-loader':
        specifier: ^0.1.1
        version: 0.1.1
      acorn:
        specifier: ^8.15.0
        version: 8.15.0
      acorn-walk:
        specifier: ^8.3.4
        version: 8.3.4

packages:

  '@datastructures-js/heap@4.3.5':
    resolution: {integrity: sha512-zgO8KO26WnZdCxe72Ck+55mhUYmw/1CL/TueKSIIU6aqoOcXAqeaL2kRldJcXtCdJ43rqgIKYdEkiL07sQ+2VQ==}

  '@datastructures-js/priority-queue@6.3.4':
    resolution: {integrity: sha512-m8Jt1OkwyHsKRz6L1FWerz3Hw8iU5vqCdBI6khC8YNssF1kXKX6cs8Xc9Zt9ocPCxO/vZhAu/KnQ+uQ4Btw6AA==}

  '@ironblood/leetcode-loader@0.1.1':
    resolution: {integrity: sha512-D9GOoD95L2YeU8K3Q0sHC8DmHwtisSz8eE3ngN8WkbQC9IQU+gO3+pQyCkVkLX6sPHaunRpEiiMsqsCjoLO4Pw==}

  '@ironblood/node-test-reporter@0.1.0':
    resolution: {integrity: sha512-KuRLfIe73uFwT1vE9+AxmhduK6oDJq13Pdo/LBCgVXzz66Qp5Lbt+Z2k8bxbTUcu/mffLl/+50oHNWO2cwrd5Q==}
    engines: {node: '>=18.0.0 || ^16.17.0'}

  acorn-walk@8.3.4:
    resolution: {integrity: sha512-ueEepnujpqee2o5aIYnvHU6C0A42MNdsIDeqy5BydrkuC5R1ZuUFnm27EeFJGoEHJQgn3uleRvmTXaJgfXbt4g==}
    engines: {node: '>=0.4.0'}

  acorn@8.15.0:
    resolution: {integrity: sha512-NZyJarBfL7nWwIq+FDL6Zp/yHEhePMNnnJ0y3qfieCrmNvYct8uvtiV41UvlSe6apAfk0fY1FbWx+NwfmpvtTg==}
    engines: {node: '>=0.4.0'}
    hasBin: true

snapshots:

  '@datastructures-js/heap@4.3.5': {}

  '@datastructures-js/priority-queue@6.3.4':
    dependencies:
      '@datastructures-js/heap': 4.3.5

  '@ironblood/leetcode-loader@0.1.1': {}

  '@ironblood/node-test-reporter@0.1.0': {}

  acorn-walk@8.3.4:
    dependencies:
      acorn: 8.15.0

  acorn@8.15.0: {}
