lockfileVersion: '9.0'

settings:
  autoInstallPeers: true
  excludeLinksFromLockfile: false

importers:

  .:
    dependencies:
      '@datastructures-js/priority-queue':
        specifier: ^6.3.4
        version: 6.3.4
      '@ironblood/node-test-reporter':
        specifier: 0.1.0
        version: 0.1.0

packages:

  '@datastructures-js/heap@4.3.5':
    resolution: {integrity: sha512-zgO8KO26WnZdCxe72Ck+55mhUYmw/1CL/TueKSIIU6aqoOcXAqeaL2kRldJcXtCdJ43rqgIKYdEkiL07sQ+2VQ==}

  '@datastructures-js/priority-queue@6.3.4':
    resolution: {integrity: sha512-m8Jt1OkwyHsKRz6L1FWerz3Hw8iU5vqCdBI6khC8YNssF1kXKX6cs8Xc9Zt9ocPCxO/vZhAu/KnQ+uQ4Btw6AA==}

  '@ironblood/node-test-reporter@0.1.0':
    resolution: {integrity: sha512-KuRLfIe73uFwT1vE9+AxmhduK6oDJq13Pdo/LBCgVXzz66Qp5Lbt+Z2k8bxbTUcu/mffLl/+50oHNWO2cwrd5Q==}
    engines: {node: '>=18.0.0 || ^16.17.0'}

snapshots:

  '@datastructures-js/heap@4.3.5': {}

  '@datastructures-js/priority-queue@6.3.4':
    dependencies:
      '@datastructures-js/heap': 4.3.5

  '@ironblood/node-test-reporter@0.1.0': {}
